// !$*UTF8*$!
{
	archiveVersion = 1;
	classes = {
	};
	objectVersion = 46;
	objects = {

/* Begin PBXBuildFile section */
		49087F551B8ABD9A009302F8 /* header.png in Resources */ = {isa = PBXBuildFile; fileRef = 49087F541B8ABD9A009302F8 /* header.png */; };
		49087F571B8AED34009302F8 /* headicron.png in Resources */ = {isa = PBXBuildFile; fileRef = 49087F561B8AED34009302F8 /* headicron.png */; };
		49087F5A1B8AF413009302F8 /* ReadJsonfile.m in Sources */ = {isa = PBXBuildFile; fileRef = 49087F591B8AF413009302F8 /* ReadJsonfile.m */; };
		49087F5D1B8AF42C009302F8 /* Service.m in Sources */ = {isa = PBXBuildFile; fileRef = 49087F5C1B8AF42C009302F8 /* Service.m */; };
		49087F601B8AF5C5009302F8 /* FriendsInfoList.m in Sources */ = {isa = PBXBuildFile; fileRef = 49087F5F1B8AF5C5009302F8 /* FriendsInfoList.m */; };
		49087F621B8AFAA9009302F8 /* friendsinfo.json in Resources */ = {isa = PBXBuildFile; fileRef = 49087F611B8AFAA9009302F8 /* friendsinfo.json */; };
		495F6E481B86B92000B6C623 /* main.m in Sources */ = {isa = PBXBuildFile; fileRef = 495F6E471B86B92000B6C623 /* main.m */; };
		495F6E4B1B86B92000B6C623 /* AppDelegate.m in Sources */ = {isa = PBXBuildFile; fileRef = 495F6E4A1B86B92000B6C623 /* AppDelegate.m */; };
		495F6E4E1B86B92000B6C623 /* ViewController.m in Sources */ = {isa = PBXBuildFile; fileRef = 495F6E4D1B86B92000B6C623 /* ViewController.m */; };
		495F6E511B86B92000B6C623 /* Main.storyboard in Resources */ = {isa = PBXBuildFile; fileRef = 495F6E4F1B86B92000B6C623 /* Main.storyboard */; };
		495F6E531B86B92000B6C623 /* Images.xcassets in Resources */ = {isa = PBXBuildFile; fileRef = 495F6E521B86B92000B6C623 /* Images.xcassets */; };
		495F6E561B86B92000B6C623 /* LaunchScreen.xib in Resources */ = {isa = PBXBuildFile; fileRef = 495F6E541B86B92000B6C623 /* LaunchScreen.xib */; };
		495F6E621B86B92000B6C623 /* FriendCircleAppTests.m in Sources */ = {isa = PBXBuildFile; fileRef = 495F6E611B86B92000B6C623 /* FriendCircleAppTests.m */; };
		4973C5021B8AFBAB003B280A /* contentimage.png in Resources */ = {isa = PBXBuildFile; fileRef = 4973C5011B8AFBAB003B280A /* contentimage.png */; };
		4973C5051B8B0090003B280A /* Friendsinfomap.m in Sources */ = {isa = PBXBuildFile; fileRef = 4973C5041B8B0090003B280A /* Friendsinfomap.m */; };
		4973C5091B8B0DDD003B280A /* commentimage.png in Resources */ = {isa = PBXBuildFile; fileRef = 4973C5081B8B0DDD003B280A /* commentimage.png */; };
		4973C50C1B8B1148003B280A /* contentimage1.png in Resources */ = {isa = PBXBuildFile; fileRef = 4973C50A1B8B1148003B280A /* contentimage1.png */; };
		4973C50D1B8B1148003B280A /* contentimage2.png in Resources */ = {isa = PBXBuildFile; fileRef = 4973C50B1B8B1148003B280A /* contentimage2.png */; };
		4973C50F1B8B1151003B280A /* icron1.png in Resources */ = {isa = PBXBuildFile; fileRef = 4973C50E1B8B1151003B280A /* icron1.png */; };
		4973C5111B8B1267003B280A /* headimage.png in Resources */ = {isa = PBXBuildFile; fileRef = 4973C5101B8B1267003B280A /* headimage.png */; };
		4973C5141B8B18D4003B280A /* ViewRootController.m in Sources */ = {isa = PBXBuildFile; fileRef = 4973C5131B8B18D4003B280A /* ViewRootController.m */; };
		49DE377C1B89BAAF009A5719 /* FriendsCell.m in Sources */ = {isa = PBXBuildFile; fileRef = 49DE377B1B89BAAF009A5719 /* FriendsCell.m */; };
		49DE37821B89C376009A5719 /* iCron.png in Resources */ = {isa = PBXBuildFile; fileRef = 49DE37811B89C376009A5719 /* iCron.png */; };
/* End PBXBuildFile section */

/* Begin PBXContainerItemProxy section */
		495F6E5C1B86B92000B6C623 /* PBXContainerItemProxy */ = {
			isa = PBXContainerItemProxy;
			containerPortal = 495F6E3A1B86B92000B6C623 /* Project object */;
			proxyType = 1;
			remoteGlobalIDString = 495F6E411B86B92000B6C623;
			remoteInfo = FriendCircleApp;
		};
/* End PBXContainerItemProxy section */

/* Begin PBXFileReference section */
		49087F541B8ABD9A009302F8 /* header.png */ = {isa = PBXFileReference; lastKnownFileType = image.png; name = header.png; path = ../../../Downloads/header.png; sourceTree = "<group>"; };
		49087F561B8AED34009302F8 /* headicron.png */ = {isa = PBXFileReference; lastKnownFileType = image.png; name = headicron.png; path = ../../headicron.png; sourceTree = "<group>"; };
		49087F581B8AF413009302F8 /* ReadJsonfile.h */ = {isa = PBXFileReference; fileEncoding = 4; lastKnownFileType = sourcecode.c.h; name = ReadJsonfile.h; path = ../../IOStest/TestTableView/TestTableView/ReadJsonfile.h; sourceTree = "<group>"; };
		49087F591B8AF413009302F8 /* ReadJsonfile.m */ = {isa = PBXFileReference; fileEncoding = 4; lastKnownFileType = sourcecode.c.objc; name = ReadJsonfile.m; path = ../../IOStest/TestTableView/TestTableView/ReadJsonfile.m; sourceTree = "<group>"; };
		49087F5B1B8AF42C009302F8 /* Service.h */ = {isa = PBXFileReference; fileEncoding = 4; lastKnownFileType = sourcecode.c.h; name = Service.h; path = ../../IOStest/TestTableView/Service.h; sourceTree = "<group>"; };
		49087F5C1B8AF42C009302F8 /* Service.m */ = {isa = PBXFileReference; fileEncoding = 4; lastKnownFileType = sourcecode.c.objc; name = Service.m; path = ../../IOStest/TestTableView/Service.m; sourceTree = "<group>"; };
		49087F5E1B8AF5C5009302F8 /* FriendsInfoList.h */ = {isa = PBXFileReference; fileEncoding = 4; lastKnownFileType = sourcecode.c.h; path = FriendsInfoList.h; sourceTree = "<group>"; };
		49087F5F1B8AF5C5009302F8 /* FriendsInfoList.m */ = {isa = PBXFileReference; fileEncoding = 4; lastKnownFileType = sourcecode.c.objc; path = FriendsInfoList.m; sourceTree = "<group>"; };
		49087F611B8AFAA9009302F8 /* friendsinfo.json */ = {isa = PBXFileReference; fileEncoding = 4; lastKnownFileType = text.json; path = friendsinfo.json; sourceTree = "<group>"; };
		495F6E421B86B92000B6C623 /* FriendCircleApp.app */ = {isa = PBXFileReference; explicitFileType = wrapper.application; includeInIndex = 0; path = FriendCircleApp.app; sourceTree = BUILT_PRODUCTS_DIR; };
		495F6E461B86B92000B6C623 /* Info.plist */ = {isa = PBXFileReference; lastKnownFileType = text.plist.xml; path = Info.plist; sourceTree = "<group>"; };
		495F6E471B86B92000B6C623 /* main.m */ = {isa = PBXFileReference; lastKnownFileType = sourcecode.c.objc; path = main.m; sourceTree = "<group>"; };
		495F6E491B86B92000B6C623 /* AppDelegate.h */ = {isa = PBXFileReference; lastKnownFileType = sourcecode.c.h; path = AppDelegate.h; sourceTree = "<group>"; };
		495F6E4A1B86B92000B6C623 /* AppDelegate.m */ = {isa = PBXFileReference; lastKnownFileType = sourcecode.c.objc; path = AppDelegate.m; sourceTree = "<group>"; };
		495F6E4C1B86B92000B6C623 /* ViewController.h */ = {isa = PBXFileReference; lastKnownFileType = sourcecode.c.h; path = ViewController.h; sourceTree = "<group>"; };
		495F6E4D1B86B92000B6C623 /* ViewController.m */ = {isa = PBXFileReference; lastKnownFileType = sourcecode.c.objc; path = ViewController.m; sourceTree = "<group>"; };
		495F6E501B86B92000B6C623 /* Base */ = {isa = PBXFileReference; lastKnownFileType = file.storyboard; name = Base; path = Base.lproj/Main.storyboard; sourceTree = "<group>"; };
		495F6E521B86B92000B6C623 /* Images.xcassets */ = {isa = PBXFileReference; lastKnownFileType = folder.assetcatalog; path = Images.xcassets; sourceTree = "<group>"; };
		495F6E551B86B92000B6C623 /* Base */ = {isa = PBXFileReference; lastKnownFileType = file.xib; name = Base; path = Base.lproj/LaunchScreen.xib; sourceTree = "<group>"; };
		495F6E5B1B86B92000B6C623 /* FriendCircleAppTests.xctest */ = {isa = PBXFileReference; explicitFileType = wrapper.cfbundle; includeInIndex = 0; path = FriendCircleAppTests.xctest; sourceTree = BUILT_PRODUCTS_DIR; };
		495F6E601B86B92000B6C623 /* Info.plist */ = {isa = PBXFileReference; lastKnownFileType = text.plist.xml; path = Info.plist; sourceTree = "<group>"; };
		495F6E611B86B92000B6C623 /* FriendCircleAppTests.m */ = {isa = PBXFileReference; lastKnownFileType = sourcecode.c.objc; path = FriendCircleAppTests.m; sourceTree = "<group>"; };
		4973C5011B8AFBAB003B280A /* contentimage.png */ = {isa = PBXFileReference; lastKnownFileType = image.png; name = contentimage.png; path = ../../contentimage.png; sourceTree = "<group>"; };
		4973C5031B8B0090003B280A /* Friendsinfomap.h */ = {isa = PBXFileReference; fileEncoding = 4; lastKnownFileType = sourcecode.c.h; path = Friendsinfomap.h; sourceTree = "<group>"; };
		4973C5041B8B0090003B280A /* Friendsinfomap.m */ = {isa = PBXFileReference; fileEncoding = 4; lastKnownFileType = sourcecode.c.objc; path = Friendsinfomap.m; sourceTree = "<group>"; };
		4973C5081B8B0DDD003B280A /* commentimage.png */ = {isa = PBXFileReference; lastKnownFileType = image.png; name = commentimage.png; path = ../../commentimage.png; sourceTree = "<group>"; };
		4973C50A1B8B1148003B280A /* contentimage1.png */ = {isa = PBXFileReference; lastKnownFileType = image.png; name = contentimage1.png; path = ../../contentimage1.png; sourceTree = "<group>"; };
		4973C50B1B8B1148003B280A /* contentimage2.png */ = {isa = PBXFileReference; lastKnownFileType = image.png; name = contentimage2.png; path = ../../contentimage2.png; sourceTree = "<group>"; };
		4973C50E1B8B1151003B280A /* icron1.png */ = {isa = PBXFileReference; lastKnownFileType = image.png; name = icron1.png; path = ../../icron1.png; sourceTree = "<group>"; };
		4973C5101B8B1267003B280A /* headimage.png */ = {isa = PBXFileReference; lastKnownFileType = image.png; name = headimage.png; path = ../../headimage.png; sourceTree = "<group>"; };
		4973C5121B8B18D4003B280A /* ViewRootController.h */ = {isa = PBXFileReference; fileEncoding = 4; lastKnownFileType = sourcecode.c.h; path = ViewRootController.h; sourceTree = "<group>"; };
		4973C5131B8B18D4003B280A /* ViewRootController.m */ = {isa = PBXFileReference; fileEncoding = 4; lastKnownFileType = sourcecode.c.objc; path = ViewRootController.m; sourceTree = "<group>"; };
		49DE377A1B89BAAF009A5719 /* FriendsCell.h */ = {isa = PBXFileReference; fileEncoding = 4; lastKnownFileType = sourcecode.c.h; path = FriendsCell.h; sourceTree = "<group>"; };
		49DE377B1B89BAAF009A5719 /* FriendsCell.m */ = {isa = PBXFileReference; fileEncoding = 4; lastKnownFileType = sourcecode.c.objc; path = FriendsCell.m; sourceTree = "<group>"; };
		49DE37811B89C376009A5719 /* iCron.png */ = {isa = PBXFileReference; lastKnownFileType = image.png; name = iCron.png; path = ../../iCron.png; sourceTree = "<group>"; };
/* End PBXFileReference section */

/* Begin PBXFrameworksBuildPhase section */
		495F6E3F1B86B92000B6C623 /* Frameworks */ = {
			isa = PBXFrameworksBuildPhase;
			buildActionMask = 2147483647;
			files = (
			);
			runOnlyForDeploymentPostprocessing = 0;
		};
		495F6E581B86B92000B6C623 /* Frameworks */ = {
			isa = PBXFrameworksBuildPhase;
			buildActionMask = 2147483647;
			files = (
			);
			runOnlyForDeploymentPostprocessing = 0;
		};
/* End PBXFrameworksBuildPhase section */

/* Begin PBXGroup section */
		495F6E391B86B92000B6C623 = {
			isa = PBXGroup;
			children = (
				495F6E441B86B92000B6C623 /* FriendCircleApp */,
				495F6E5E1B86B92000B6C623 /* FriendCircleAppTests */,
				495F6E431B86B92000B6C623 /* Products */,
			);
			sourceTree = "<group>";
		};
		495F6E431B86B92000B6C623 /* Products */ = {
			isa = PBXGroup;
			children = (
				495F6E421B86B92000B6C623 /* FriendCircleApp.app */,
				495F6E5B1B86B92000B6C623 /* FriendCircleAppTests.xctest */,
			);
			name = Products;
			sourceTree = "<group>";
		};
		495F6E441B86B92000B6C623 /* FriendCircleApp */ = {
			isa = PBXGroup;
			children = (
				49DE37791B89BA47009A5719 /* Model */,
				49DE37781B89BA3B009A5719 /* Service */,
				495F6E491B86B92000B6C623 /* AppDelegate.h */,
				495F6E4A1B86B92000B6C623 /* AppDelegate.m */,
				49DE377A1B89BAAF009A5719 /* FriendsCell.h */,
				49DE377B1B89BAAF009A5719 /* FriendsCell.m */,
				4973C5121B8B18D4003B280A /* ViewRootController.h */,
				4973C5131B8B18D4003B280A /* ViewRootController.m */,
				495F6E4C1B86B92000B6C623 /* ViewController.h */,
				495F6E4D1B86B92000B6C623 /* ViewController.m */,
				495F6E4F1B86B92000B6C623 /* Main.storyboard */,
				495F6E521B86B92000B6C623 /* Images.xcassets */,
				495F6E541B86B92000B6C623 /* LaunchScreen.xib */,
				495F6E451B86B92000B6C623 /* Supporting Files */,
			);
			path = FriendCircleApp;
			sourceTree = "<group>";
		};
		495F6E451B86B92000B6C623 /* Supporting Files */ = {
			isa = PBXGroup;
			children = (
				4973C5101B8B1267003B280A /* headimage.png */,
				4973C50E1B8B1151003B280A /* icron1.png */,
				4973C50A1B8B1148003B280A /* contentimage1.png */,
				4973C50B1B8B1148003B280A /* contentimage2.png */,
				4973C5081B8B0DDD003B280A /* commentimage.png */,
				4973C5011B8AFBAB003B280A /* contentimage.png */,
				49087F561B8AED34009302F8 /* headicron.png */,
				49087F541B8ABD9A009302F8 /* header.png */,
				49DE37811B89C376009A5719 /* iCron.png */,
				495F6E461B86B92000B6C623 /* Info.plist */,
				495F6E471B86B92000B6C623 /* main.m */,
				49087F611B8AFAA9009302F8 /* friendsinfo.json */,
			);
			name = "Supporting Files";
			sourceTree = "<group>";
		};
		495F6E5E1B86B92000B6C623 /* FriendCircleAppTests */ = {
			isa = PBXGroup;
			children = (
				495F6E611B86B92000B6C623 /* FriendCircleAppTests.m */,
				495F6E5F1B86B92000B6C623 /* Supporting Files */,
			);
			path = FriendCircleAppTests;
			sourceTree = "<group>";
		};
		495F6E5F1B86B92000B6C623 /* Supporting Files */ = {
			isa = PBXGroup;
			children = (
				495F6E601B86B92000B6C623 /* Info.plist */,
			);
			name = "Supporting Files";
			sourceTree = "<group>";
		};
		49DE37781B89BA3B009A5719 /* Service */ = {
			isa = PBXGroup;
			children = (
				49087F5B1B8AF42C009302F8 /* Service.h */,
				49087F5C1B8AF42C009302F8 /* Service.m */,
				49087F581B8AF413009302F8 /* ReadJsonfile.h */,
				49087F591B8AF413009302F8 /* ReadJsonfile.m */,
				4973C5031B8B0090003B280A /* Friendsinfomap.h */,
				4973C5041B8B0090003B280A /* Friendsinfomap.m */,
			);
			name = Service;
			sourceTree = "<group>";
		};
		49DE37791B89BA47009A5719 /* Model */ = {
			isa = PBXGroup;
			children = (
				49087F5E1B8AF5C5009302F8 /* FriendsInfoList.h */,
				49087F5F1B8AF5C5009302F8 /* FriendsInfoList.m */,
			);
			name = Model;
			sourceTree = "<group>";
		};
/* End PBXGroup section */

/* Begin PBXNativeTarget section */
		495F6E411B86B92000B6C623 /* FriendCircleApp */ = {
			isa = PBXNativeTarget;
			buildConfigurationList = 495F6E651B86B92000B6C623 /* Build configuration list for PBXNativeTarget "FriendCircleApp" */;
			buildPhases = (
				495F6E3E1B86B92000B6C623 /* Sources */,
				495F6E3F1B86B92000B6C623 /* Frameworks */,
				495F6E401B86B92000B6C623 /* Resources */,
			);
			buildRules = (
			);
			dependencies = (
			);
			name = FriendCircleApp;
			productName = FriendCircleApp;
			productReference = 495F6E421B86B92000B6C623 /* FriendCircleApp.app */;
			productType = "com.apple.product-type.application";
		};
		495F6E5A1B86B92000B6C623 /* FriendCircleAppTests */ = {
			isa = PBXNativeTarget;
			buildConfigurationList = 495F6E681B86B92000B6C623 /* Build configuration list for PBXNativeTarget "FriendCircleAppTests" */;
			buildPhases = (
				495F6E571B86B92000B6C623 /* Sources */,
				495F6E581B86B92000B6C623 /* Frameworks */,
				495F6E591B86B92000B6C623 /* Resources */,
			);
			buildRules = (
			);
			dependencies = (
				495F6E5D1B86B92000B6C623 /* PBXTargetDependency */,
			);
			name = FriendCircleAppTests;
			productName = FriendCircleAppTests;
			productReference = 495F6E5B1B86B92000B6C623 /* FriendCircleAppTests.xctest */;
			productType = "com.apple.product-type.bundle.unit-test";
		};
/* End PBXNativeTarget section */

/* Begin PBXProject section */
		495F6E3A1B86B92000B6C623 /* Project object */ = {
			isa = PBXProject;
			attributes = {
				LastUpgradeCheck = 0630;
				ORGANIZATIONNAME = "TWer ";
				TargetAttributes = {
					495F6E411B86B92000B6C623 = {
						CreatedOnToolsVersion = 6.3.1;
					};
					495F6E5A1B86B92000B6C623 = {
						CreatedOnToolsVersion = 6.3.1;
						TestTargetID = 495F6E411B86B92000B6C623;
					};
				};
			};
			buildConfigurationList = 495F6E3D1B86B92000B6C623 /* Build configuration list for PBXProject "FriendCircleApp" */;
			compatibilityVersion = "Xcode 3.2";
			developmentRegion = English;
			hasScannedForEncodings = 0;
			knownRegions = (
				en,
				Base,
			);
			mainGroup = 495F6E391B86B92000B6C623;
			productRefGroup = 495F6E431B86B92000B6C623 /* Products */;
			projectDirPath = "";
			projectRoot = "";
			targets = (
				495F6E411B86B92000B6C623 /* FriendCircleApp */,
				495F6E5A1B86B92000B6C623 /* FriendCircleAppTests */,
			);
		};
/* End PBXProject section */

/* Begin PBXResourcesBuildPhase section */
		495F6E401B86B92000B6C623 /* Resources */ = {
			isa = PBXResourcesBuildPhase;
			buildActionMask = 2147483647;
			files = (
				4973C50D1B8B1148003B280A /* contentimage2.png in Resources */,
				4973C50F1B8B1151003B280A /* icron1.png in Resources */,
				495F6E511B86B92000B6C623 /* Main.storyboard in Resources */,
				4973C5111B8B1267003B280A /* headimage.png in Resources */,
				4973C50C1B8B1148003B280A /* contentimage1.png in Resources */,
				4973C5021B8AFBAB003B280A /* contentimage.png in Resources */,
				49087F571B8AED34009302F8 /* headicron.png in Resources */,
				495F6E561B86B92000B6C623 /* LaunchScreen.xib in Resources */,
				495F6E531B86B92000B6C623 /* Images.xcassets in Resources */,
				49087F551B8ABD9A009302F8 /* header.png in Resources */,
				4973C5091B8B0DDD003B280A /* commentimage.png in Resources */,
				49087F621B8AFAA9009302F8 /* friendsinfo.json in Resources */,
				49DE37821B89C376009A5719 /* iCron.png in Resources */,
			);
			runOnlyForDeploymentPostprocessing = 0;
		};
		495F6E591B86B92000B6C623 /* Resources */ = {
			isa = PBXResourcesBuildPhase;
			buildActionMask = 2147483647;
			files = (
			);
			runOnlyForDeploymentPostprocessing = 0;
		};
/* End PBXResourcesBuildPhase section */

/* Begin PBXSourcesBuildPhase section */
		495F6E3E1B86B92000B6C623 /* Sources */ = {
			isa = PBXSourcesBuildPhase;
			buildActionMask = 2147483647;
			files = (
				4973C5051B8B0090003B280A /* Friendsinfomap.m in Sources */,
				49087F601B8AF5C5009302F8 /* FriendsInfoList.m in Sources */,
				4973C5141B8B18D4003B280A /* ViewRootController.m in Sources */,
				495F6E4E1B86B92000B6C623 /* ViewController.m in Sources */,
				495F6E4B1B86B92000B6C623 /* AppDelegate.m in Sources */,
				495F6E481B86B92000B6C623 /* main.m in Sources */,
				49DE377C1B89BAAF009A5719 /* FriendsCell.m in Sources */,
				49087F5A1B8AF413009302F8 /* ReadJsonfile.m in Sources */,
				49087F5D1B8AF42C009302F8 /* Service.m in Sources */,
			);
			runOnlyForDeploymentPostprocessing = 0;
		};
		495F6E571B86B92000B6C623 /* Sources */ = {
			isa = PBXSourcesBuildPhase;
			buildActionMask = 2147483647;
			files = (
				495F6E621B86B92000B6C623 /* FriendCircleAppTests.m in Sources */,
			);
			runOnlyForDeploymentPostprocessing = 0;
		};
/* End PBXSourcesBuildPhase section */

/* Begin PBXTargetDependency section */
		495F6E5D1B86B92000B6C623 /* PBXTargetDependency */ = {
			isa = PBXTargetDependency;
			target = 495F6E411B86B92000B6C623 /* FriendCircleApp */;
			targetProxy = 495F6E5C1B86B92000B6C623 /* PBXContainerItemProxy */;
		};
/* End PBXTargetDependency section */

/* Begin PBXVariantGroup section */
		495F6E4F1B86B92000B6C623 /* Main.storyboard */ = {
			isa = PBXVariantGroup;
			children = (
				495F6E501B86B92000B6C623 /* Base */,
			);
			name = Main.storyboard;
			sourceTree = "<group>";
		};
		495F6E541B86B92000B6C623 /* LaunchScreen.xib */ = {
			isa = PBXVariantGroup;
			children = (
				495F6E551B86B92000B6C623 /* Base */,
			);
			name = LaunchScreen.xib;
			sourceTree = "<group>";
		};
/* End PBXVariantGroup section */

/* Begin XCBuildConfiguration section */
		495F6E631B86B92000B6C623 /* Debug */ = {
			isa = XCBuildConfiguration;
			buildSettings = {
				ALWAYS_SEARCH_USER_PATHS = NO;
				CLANG_CXX_LANGUAGE_STANDARD = "gnu++0x";
				CLANG_CXX_LIBRARY = "libc++";
				CLANG_ENABLE_MODULES = YES;
				CLANG_ENABLE_OBJC_ARC = YES;
				CLANG_WARN_BOOL_CONVERSION = YES;
				CLANG_WARN_CONSTANT_CONVERSION = YES;
				CLANG_WARN_DIRECT_OBJC_ISA_USAGE = YES_ERROR;
				CLANG_WARN_EMPTY_BODY = YES;
				CLANG_WARN_ENUM_CONVERSION = YES;
				CLANG_WARN_INT_CONVERSION = YES;
				CLANG_WARN_OBJC_ROOT_CLASS = YES_ERROR;
				CLANG_WARN_UNREACHABLE_CODE = YES;
				CLANG_WARN__DUPLICATE_METHOD_MATCH = YES;
				"CODE_SIGN_IDENTITY[sdk=iphoneos*]" = "iPhone Developer";
				COPY_PHASE_STRIP = NO;
				DEBUG_INFORMATION_FORMAT = "dwarf-with-dsym";
				ENABLE_STRICT_OBJC_MSGSEND = YES;
				GCC_C_LANGUAGE_STANDARD = gnu99;
				GCC_DYNAMIC_NO_PIC = NO;
				GCC_NO_COMMON_BLOCKS = YES;
				GCC_OPTIMIZATION_LEVEL = 0;
				GCC_PREPROCESSOR_DEFINITIONS = (
					"DEBUG=1",
					"$(inherited)",
				);
				GCC_SYMBOLS_PRIVATE_EXTERN = NO;
				GCC_WARN_64_TO_32_BIT_CONVERSION = YES;
				GCC_WARN_ABOUT_RETURN_TYPE = YES_ERROR;
				GCC_WARN_UNDECLARED_SELECTOR = YES;
				GCC_WARN_UNINITIALIZED_AUTOS = YES_AGGRESSIVE;
				GCC_WARN_UNUSED_FUNCTION = YES;
				GCC_WARN_UNUSED_VARIABLE = YES;
				IPHONEOS_DEPLOYMENT_TARGET = 8.3;
				MTL_ENABLE_DEBUG_INFO = YES;
				ONLY_ACTIVE_ARCH = YES;
				SDKROOT = iphoneos;
				TARGETED_DEVICE_FAMILY = "1,2";
			};
			name = Debug;
		};
		495F6E641B86B92000B6C623 /* Release */ = {
			isa = XCBuildConfiguration;
			buildSettings = {
				ALWAYS_SEARCH_USER_PATHS = NO;
				CLANG_CXX_LANGUAGE_STANDARD = "gnu++0x";
				CLANG_CXX_LIBRARY = "libc++";
				CLANG_ENABLE_MODULES = YES;
				CLANG_ENABLE_OBJC_ARC = YES;
				CLANG_WARN_BOOL_CONVERSION = YES;
				CLANG_WARN_CONSTANT_CONVERSION = YES;
				CLANG_WARN_DIRECT_OBJC_ISA_USAGE = YES_ERROR;
				CLANG_WARN_EMPTY_BODY = YES;
				CLANG_WARN_ENUM_CONVERSION = YES;
				CLANG_WARN_INT_CONVERSION = YES;
				CLANG_WARN_OBJC_ROOT_CLASS = YES_ERROR;
				CLANG_WARN_UNREACHABLE_CODE = YES;
				CLANG_WARN__DUPLICATE_METHOD_MATCH = YES;
				"CODE_SIGN_IDENTITY[sdk=iphoneos*]" = "iPhone Developer";
				COPY_PHASE_STRIP = NO;
				DEBUG_INFORMATION_FORMAT = "dwarf-with-dsym";
				ENABLE_NS_ASSERTIONS = NO;
				ENABLE_STRICT_OBJC_MSGSEND = YES;
				GCC_C_LANGUAGE_STANDARD = gnu99;
				GCC_NO_COMMON_BLOCKS = YES;
				GCC_WARN_64_TO_32_BIT_CONVERSION = YES;
				GCC_WARN_ABOUT_RETURN_TYPE = YES_ERROR;
				GCC_WARN_UNDECLARED_SELECTOR = YES;
				GCC_WARN_UNINITIALIZED_AUTOS = YES_AGGRESSIVE;
				GCC_WARN_UNUSED_FUNCTION = YES;
				GCC_WARN_UNUSED_VARIABLE = YES;
				IPHONEOS_DEPLOYMENT_TARGET = 8.3;
				MTL_ENABLE_DEBUG_INFO = NO;
				SDKROOT = iphoneos;
				TARGETED_DEVICE_FAMILY = "1,2";
				VALIDATE_PRODUCT = YES;
			};
			name = Release;
		};
		495F6E661B86B92000B6C623 /* Debug */ = {
			isa = XCBuildConfiguration;
			buildSettings = {
				ASSETCATALOG_COMPILER_APPICON_NAME = AppIcon;
				INFOPLIST_FILE = FriendCircleApp/Info.plist;
				LD_RUNPATH_SEARCH_PATHS = "$(inherited) @executable_path/Frameworks";
				PRODUCT_NAME = "$(TARGET_NAME)";
			};
			name = Debug;
		};
		495F6E671B86B92000B6C623 /* Release */ = {
			isa = XCBuildConfiguration;
			buildSettings = {
				ASSETCATALOG_COMPILER_APPICON_NAME = AppIcon;
				INFOPLIST_FILE = FriendCircleApp/Info.plist;
				LD_RUNPATH_SEARCH_PATHS = "$(inherited) @executable_path/Frameworks";
				PRODUCT_NAME = "$(TARGET_NAME)";
			};
			name = Release;
		};
		495F6E691B86B92000B6C623 /* Debug */ = {
			isa = XCBuildConfiguration;
			buildSettings = {
				BUNDLE_LOADER = "$(TEST_HOST)";
				FRAMEWORK_SEARCH_PATHS = (
					"$(SDKROOT)/Developer/Library/Frameworks",
					"$(inherited)",
				);
				GCC_PREPROCESSOR_DEFINITIONS = (
					"DEBUG=1",
					"$(inherited)",
				);
				INFOPLIST_FILE = FriendCircleAppTests/Info.plist;
				LD_RUNPATH_SEARCH_PATHS = "$(inherited) @executable_path/Frameworks @loader_path/Frameworks";
				PRODUCT_NAME = "$(TARGET_NAME)";
				TEST_HOST = "$(BUILT_PRODUCTS_DIR)/FriendCircleApp.app/FriendCircleApp";
			};
			name = Debug;
		};
		495F6E6A1B86B92000B6C623 /* Release */ = {
			isa = XCBuildConfiguration;
			buildSettings = {
				BUNDLE_LOADER = "$(TEST_HOST)";
				FRAMEWORK_SEARCH_PATHS = (
					"$(SDKROOT)/Developer/Library/Frameworks",
					"$(inherited)",
				);
				INFOPLIST_FILE = FriendCircleAppTests/Info.plist;
				LD_RUNPATH_SEARCH_PATHS = "$(inherited) @executable_path/Frameworks @loader_path/Frameworks";
				PRODUCT_NAME = "$(TARGET_NAME)";
				TEST_HOST = "$(BUILT_PRODUCTS_DIR)/FriendCircleApp.app/FriendCircleApp";
			};
			name = Release;
		};
/* End XCBuildConfiguration section */

/* Begin XCConfigurationList section */
		495F6E3D1B86B92000B6C623 /* Build configuration list for PBXProject "FriendCircleApp" */ = {
			isa = XCConfigurationList;
			buildConfigurations = (
				495F6E631B86B92000B6C623 /* Debug */,
				495F6E641B86B92000B6C623 /* Release */,
			);
			defaultConfigurationIsVisible = 0;
			defaultConfigurationName = Release;
		};
		495F6E651B86B92000B6C623 /* Build configuration list for PBXNativeTarget "FriendCircleApp" */ = {
			isa = XCConfigurationList;
			buildConfigurations = (
				495F6E661B86B92000B6C623 /* Debug */,
				495F6E671B86B92000B6C623 /* Release */,
			);
			defaultConfigurationIsVisible = 0;
			defaultConfigurationName = Release;
		};
		495F6E681B86B92000B6C623 /* Build configuration list for PBXNativeTarget "FriendCircleAppTests" */ = {
			isa = XCConfigurationList;
			buildConfigurations = (
				495F6E691B86B92000B6C623 /* Debug */,
				495F6E6A1B86B92000B6C623 /* Release */,
			);
			defaultConfigurationIsVisible = 0;
			defaultConfigurationName = Release;
		};
/* End XCConfigurationList section */
	};
	rootObject = 495F6E3A1B86B92000B6C623 /* Project object */;
}
